
Microsoft Visual Studio Solution File, Format Version 12.00
# Visual Studio Version 16
VisualStudioVersion = 16.0.30717.126
MinimumVisualStudioVersion = 10.0.40219.1
Project("{9A19103F-16F7-4668-BE54-9A1E7A4F7556}") = "AnimeDatabase.Web", "AnimeDatabase.Web\AnimeDatabase.Web.csproj", "{814C05D4-F35D-4FD0-BC3D-22EDA3E59EA6}"
EndProject
Project("{2150E333-8FDC-42A3-9474-1A3956D46DE8}") = "Apps", "Apps", "{4FE58F55-B481-468D-913E-352E6976C482}"
EndProject
Global
	GlobalSection(SolutionConfigurationPlatforms) = preSolution
		Debug|Any CPU = Debug|Any CPU
		Release|Any CPU = Release|Any CPU
	EndGlobalSection
	GlobalSection(ProjectConfigurationPlatforms) = postSolution
		{814C05D4-F35D-4FD0-BC3D-22EDA3E59EA6}.Debug|Any CPU.ActiveCfg = Debug|Any CPU
		{814C05D4-F35D-4FD0-BC3D-22EDA3E59EA6}.Debug|Any CPU.Build.0 = Debug|Any CPU
		{814C05D4-F35D-4FD0-BC3D-22EDA3E59EA6}.Release|Any CPU.ActiveCfg = Release|Any CPU
		{814C05D4-F35D-4FD0-BC3D-22EDA3E59EA6}.Release|Any CPU.Build.0 = Release|Any CPU
	EndGlobalSection
	GlobalSection(SolutionProperties) = preSolution
		HideSolutionNode = FALSE
	EndGlobalSection
	GlobalSection(NestedProjects) = preSolution
		{814C05D4-F35D-4FD0-BC3D-22EDA3E59EA6} = {4FE58F55-B481-468D-913E-352E6976C482}
	EndGlobalSection
	GlobalSection(ExtensibilityGlobals) = postSolution
		SolutionGuid = {87044CFE-EB01-44D5-9F55-469DF1EF4ADD}
	EndGlobalSection
EndGlobal
